
Microsoft Visual Studio Solution File, Format Version 12.00
# Visual Studio 15
VisualStudioVersion = 15.0.27703.2026
MinimumVisualStudioVersion = 10.0.40219.1
Project("{FAE04EC0-301F-11D3-BF4B-00C04F79EFBC}") = "DevineMonAge", "DevineMonAge\DevineMonAge.csproj", "{786CD48A-8ED8-4057-8A61-4D5BAFE372A6}"
EndProject
Global
	GlobalSection(SolutionConfigurationPlatforms) = preSolution
		Debug|Any CPU = Debug|Any CPU
		Release|Any CPU = Release|Any CPU
	EndGlobalSection
	GlobalSection(ProjectConfigurationPlatforms) = postSolution
		{786CD48A-8ED8-4057-8A61-4D5BAFE372A6}.Debug|Any CPU.ActiveCfg = Debug|Any CPU
		{786CD48A-8ED8-4057-8A61-4D5BAFE372A6}.Debug|Any CPU.Build.0 = Debug|Any CPU
		{786CD48A-8ED8-4057-8A61-4D5BAFE372A6}.Release|Any CPU.ActiveCfg = Release|Any CPU
		{786CD48A-8ED8-4057-8A61-4D5BAFE372A6}.Release|Any CPU.Build.0 = Release|Any CPU
	EndGlobalSection
	GlobalSection(SolutionProperties) = preSolution
		HideSolutionNode = FALSE
	EndGlobalSection
	GlobalSection(ExtensibilityGlobals) = postSolution
		SolutionGuid = {9DE302A1-9A93-4CD2-A51B-9376F9309B4F}
	EndGlobalSection
EndGlobal
